
Microsoft Visual Studio Solution File, Format Version 12.00
# Visual Studio Version 17
VisualStudioVersion = 17.0.32112.339
MinimumVisualStudioVersion = 10.0.40219.1
Project("{FAE04EC0-301F-11D3-BF4B-00C04F79EFBC}") = "Api", "Api.csproj", "{19916DAF-2CA7-455C-8F97-EA95AB36EF2C}"
EndProject
Global
	GlobalSection(SolutionConfigurationPlatforms) = preSolution
		Debug|Any CPU = Debug|Any CPU
		Release|Any CPU = Release|Any CPU
	EndGlobalSection
	GlobalSection(ProjectConfigurationPlatforms) = postSolution
		{19916DAF-2CA7-455C-8F97-EA95AB36EF2C}.Debug|Any CPU.ActiveCfg = Debug|Any CPU
		{19916DAF-2CA7-455C-8F97-EA95AB36EF2C}.Debug|Any CPU.Build.0 = Debug|Any CPU
		{19916DAF-2CA7-455C-8F97-EA95AB36EF2C}.Release|Any CPU.ActiveCfg = Release|Any CPU
		{19916DAF-2CA7-455C-8F97-EA95AB36EF2C}.Release|Any CPU.Build.0 = Release|Any CPU
	EndGlobalSection
	GlobalSection(SolutionProperties) = preSolution
		HideSolutionNode = FALSE
	EndGlobalSection
	GlobalSection(ExtensibilityGlobals) = postSolution
		SolutionGuid = {18BFD331-41BE-455F-8A34-FC6D26BD0C5A}
	EndGlobalSection
EndGlobal
